<?xml version="1.0" encoding="utf-8"?>
<Project ToolsVersion="4.0" xmlns="http://schemas.microsoft.com/developer/msbuild/2003">
  <ItemGroup>
    <Filter Include="Scenes">
      <UniqueIdentifier>{5217ab8e-dc89-4533-9d51-0c2f132dfc31}</UniqueIdentifier>
    </Filter>
    <Filter Include="Contents">
      <UniqueIdentifier>{f274f57e-ffcd-4ca0-9428-c9f5687a7f1b}</UniqueIdentifier>
    </Filter>
  </ItemGroup>
  <ItemGroup>
    <ClInclude Include="smePlayScene.h">
      <Filter>Scenes</Filter>
    </ClInclude>
    <ClInclude Include="smeTitleScene.h">
      <Filter>Scenes</Filter>
    </ClInclude>
    <ClInclude Include="smePlayer.h">
      <Filter>Contents</Filter>
    </ClInclude>
    <ClInclude Include="smeLoadResources.h">
      <Filter>Scenes</Filter>
    </ClInclude>
  </ItemGroup>
  <ItemGroup>
    <ClCompile Include="smeLoadScenes.h">
      <Filter>Scenes</Filter>
    </ClCompile>
    <ClCompile Include="smePlayScene.cpp">
      <Filter>Scenes</Filter>
    </ClCompile>
    <ClCompile Include="smeTitleScene.cpp">
      <Filter>Scenes</Filter>
    </ClCompile>
    <ClCompile Include="smePlayer.cpp">
      <Filter>Contents</Filter>
    </ClCompile>
  </ItemGroup>
</Project>